
Microsoft Visual Studio Solution File, Format Version 12.00
# Visual Studio Version 17
VisualStudioVersion = 17.11.35219.272
MinimumVisualStudioVersion = 10.0.40219.1
Project("{FAE04EC0-301F-11D3-BF4B-00C04F79EFBC}") = "BikeStore-BackEnd", "BikeStore-BackEnd\BikeStore-BackEnd.csproj", "{9901E58F-3F1F-4B6F-8CE0-9D687651AE7B}"
EndProject
Project("{FAE04EC0-301F-11D3-BF4B-00C04F79EFBC}") = "BikeStore-FrontEnd", "BikeStore-FrontEnd\BikeStore-FrontEnd.csproj", "{840631F2-3DB9-46F0-839F-DE1A8D1A3457}"
EndProject
Global
	GlobalSection(SolutionConfigurationPlatforms) = preSolution
		Debug|Any CPU = Debug|Any CPU
		Release|Any CPU = Release|Any CPU
	EndGlobalSection
	GlobalSection(ProjectConfigurationPlatforms) = postSolution
		{9901E58F-3F1F-4B6F-8CE0-9D687651AE7B}.Debug|Any CPU.ActiveCfg = Debug|Any CPU
		{9901E58F-3F1F-4B6F-8CE0-9D687651AE7B}.Debug|Any CPU.Build.0 = Debug|Any CPU
		{9901E58F-3F1F-4B6F-8CE0-9D687651AE7B}.Release|Any CPU.ActiveCfg = Release|Any CPU
		{9901E58F-3F1F-4B6F-8CE0-9D687651AE7B}.Release|Any CPU.Build.0 = Release|Any CPU
		{840631F2-3DB9-46F0-839F-DE1A8D1A3457}.Debug|Any CPU.ActiveCfg = Debug|Any CPU
		{840631F2-3DB9-46F0-839F-DE1A8D1A3457}.Debug|Any CPU.Build.0 = Debug|Any CPU
		{840631F2-3DB9-46F0-839F-DE1A8D1A3457}.Release|Any CPU.ActiveCfg = Release|Any CPU
		{840631F2-3DB9-46F0-839F-DE1A8D1A3457}.Release|Any CPU.Build.0 = Release|Any CPU
	EndGlobalSection
	GlobalSection(SolutionProperties) = preSolution
		HideSolutionNode = FALSE
	EndGlobalSection
	GlobalSection(ExtensibilityGlobals) = postSolution
		SolutionGuid = {50E62459-DCF1-43F5-85EC-01320BA26148}
	EndGlobalSection
EndGlobal
